// !$*UTF8*$!
{
	archiveVersion = 1;
	classes = {
	};
	objectVersion = 50;
	objects = {

/* Begin PBXBuildFile section */
		727C575A22B70E86006F18FE /* AppDelegate.swift in Sources */ = {isa = PBXBuildFile; fileRef = 727C575922B70E86006F18FE /* AppDelegate.swift */; };
		727C575C22B70E86006F18FE /* ViewController.swift in Sources */ = {isa = PBXBuildFile; fileRef = 727C575B22B70E86006F18FE /* ViewController.swift */; };
		727C575F22B70E86006F18FE /* Main.storyboard in Resources */ = {isa = PBXBuildFile; fileRef = 727C575D22B70E86006F18FE /* Main.storyboard */; };
		727C576122B70E86006F18FE /* Assets.xcassets in Resources */ = {isa = PBXBuildFile; fileRef = 727C576022B70E86006F18FE /* Assets.xcassets */; };
		727C576422B70E86006F18FE /* LaunchScreen.storyboard in Resources */ = {isa = PBXBuildFile; fileRef = 727C576222B70E86006F18FE /* LaunchScreen.storyboard */; };
		727C576F22B70E86006F18FE /* githubapiTests.swift in Sources */ = {isa = PBXBuildFile; fileRef = 727C576E22B70E86006F18FE /* githubapiTests.swift */; };
		727C577A22B70E86006F18FE /* githubapiUITests.swift in Sources */ = {isa = PBXBuildFile; fileRef = 727C577922B70E86006F18FE /* githubapiUITests.swift */; };
/* End PBXBuildFile section */

/* Begin PBXContainerItemProxy section */
		727C576B22B70E86006F18FE /* PBXContainerItemProxy */ = {
			isa = PBXContainerItemProxy;
			containerPortal = 727C574E22B70E86006F18FE /* Project object */;
			proxyType = 1;
			remoteGlobalIDString = 727C575522B70E86006F18FE;
			remoteInfo = githubapi;
		};
		727C577622B70E86006F18FE /* PBXContainerItemProxy */ = {
			isa = PBXContainerItemProxy;
			containerPortal = 727C574E22B70E86006F18FE /* Project object */;
			proxyType = 1;
			remoteGlobalIDString = 727C575522B70E86006F18FE;
			remoteInfo = githubapi;
		};
/* End PBXContainerItemProxy section */

/* Begin PBXFileReference section */
		727C575622B70E86006F18FE /* githubapi.app */ = {isa = PBXFileReference; explicitFileType = wrapper.application; includeInIndex = 0; path = githubapi.app; sourceTree = BUILT_PRODUCTS_DIR; };
		727C575922B70E86006F18FE /* AppDelegate.swift */ = {isa = PBXFileReference; lastKnownFileType = sourcecode.swift; path = AppDelegate.swift; sourceTree = "<group>"; };
		727C575B22B70E86006F18FE /* ViewController.swift */ = {isa = PBXFileReference; lastKnownFileType = sourcecode.swift; path = ViewController.swift; sourceTree = "<group>"; };
		727C575E22B70E86006F18FE /* Base */ = {isa = PBXFileReference; lastKnownFileType = file.storyboard; name = Base; path = Base.lproj/Main.storyboard; sourceTree = "<group>"; };
		727C576022B70E86006F18FE /* Assets.xcassets */ = {isa = PBXFileReference; lastKnownFileType = folder.assetcatalog; path = Assets.xcassets; sourceTree = "<group>"; };
		727C576322B70E86006F18FE /* Base */ = {isa = PBXFileReference; lastKnownFileType = file.storyboard; name = Base; path = Base.lproj/LaunchScreen.storyboard; sourceTree = "<group>"; };
		727C576522B70E86006F18FE /* Info.plist */ = {isa = PBXFileReference; lastKnownFileType = text.plist.xml; path = Info.plist; sourceTree = "<group>"; };
		727C576A22B70E86006F18FE /* githubapiTests.xctest */ = {isa = PBXFileReference; explicitFileType = wrapper.cfbundle; includeInIndex = 0; path = githubapiTests.xctest; sourceTree = BUILT_PRODUCTS_DIR; };
		727C576E22B70E86006F18FE /* githubapiTests.swift */ = {isa = PBXFileReference; lastKnownFileType = sourcecode.swift; path = githubapiTests.swift; sourceTree = "<group>"; };
		727C577022B70E86006F18FE /* Info.plist */ = {isa = PBXFileReference; lastKnownFileType = text.plist.xml; path = Info.plist; sourceTree = "<group>"; };
		727C577522B70E86006F18FE /* githubapiUITests.xctest */ = {isa = PBXFileReference; explicitFileType = wrapper.cfbundle; includeInIndex = 0; path = githubapiUITests.xctest; sourceTree = BUILT_PRODUCTS_DIR; };
		727C577922B70E86006F18FE /* githubapiUITests.swift */ = {isa = PBXFileReference; lastKnownFileType = sourcecode.swift; path = githubapiUITests.swift; sourceTree = "<group>"; };
		727C577B22B70E86006F18FE /* Info.plist */ = {isa = PBXFileReference; lastKnownFileType = text.plist.xml; path = Info.plist; sourceTree = "<group>"; };
/* End PBXFileReference section */

/* Begin PBXFrameworksBuildPhase section */
		727C575322B70E86006F18FE /* Frameworks */ = {
			isa = PBXFrameworksBuildPhase;
			buildActionMask = 2147483647;
			files = (
			);
			runOnlyForDeploymentPostprocessing = 0;
		};
		727C576722B70E86006F18FE /* Frameworks */ = {
			isa = PBXFrameworksBuildPhase;
			buildActionMask = 2147483647;
			files = (
			);
			runOnlyForDeploymentPostprocessing = 0;
		};
		727C577222B70E86006F18FE /* Frameworks */ = {
			isa = PBXFrameworksBuildPhase;
			buildActionMask = 2147483647;
			files = (
			);
			runOnlyForDeploymentPostprocessing = 0;
		};
/* End PBXFrameworksBuildPhase section */

/* Begin PBXGroup section */
		727C574D22B70E86006F18FE = {
			isa = PBXGroup;
			children = (
				727C575822B70E86006F18FE /* githubapi */,
				727C576D22B70E86006F18FE /* githubapiTests */,
				727C577822B70E86006F18FE /* githubapiUITests */,
				727C575722B70E86006F18FE /* Products */,
			);
			sourceTree = "<group>";
		};
		727C575722B70E86006F18FE /* Products */ = {
			isa = PBXGroup;
			children = (
				727C575622B70E86006F18FE /* githubapi.app */,
				727C576A22B70E86006F18FE /* githubapiTests.xctest */,
				727C577522B70E86006F18FE /* githubapiUITests.xctest */,
			);
			name = Products;
			sourceTree = "<group>";
		};
		727C575822B70E86006F18FE /* githubapi */ = {
			isa = PBXGroup;
			children = (
				727C575922B70E86006F18FE /* AppDelegate.swift */,
				727C575B22B70E86006F18FE /* ViewController.swift */,
				727C575D22B70E86006F18FE /* Main.storyboard */,
				727C576022B70E86006F18FE /* Assets.xcassets */,
				727C576222B70E86006F18FE /* LaunchScreen.storyboard */,
				727C576522B70E86006F18FE /* Info.plist */,
			);
			path = githubapi;
			sourceTree = "<group>";
		};
		727C576D22B70E86006F18FE /* githubapiTests */ = {
			isa = PBXGroup;
			children = (
				727C576E22B70E86006F18FE /* githubapiTests.swift */,
				727C577022B70E86006F18FE /* Info.plist */,
			);
			path = githubapiTests;
			sourceTree = "<group>";
		};
		727C577822B70E86006F18FE /* githubapiUITests */ = {
			isa = PBXGroup;
			children = (
				727C577922B70E86006F18FE /* githubapiUITests.swift */,
				727C577B22B70E86006F18FE /* Info.plist */,
			);
			path = githubapiUITests;
			sourceTree = "<group>";
		};
/* End PBXGroup section */

/* Begin PBXNativeTarget section */
		727C575522B70E86006F18FE /* githubapi */ = {
			isa = PBXNativeTarget;
			buildConfigurationList = 727C577E22B70E86006F18FE /* Build configuration list for PBXNativeTarget "githubapi" */;
			buildPhases = (
				727C575222B70E86006F18FE /* Sources */,
				727C575322B70E86006F18FE /* Frameworks */,
				727C575422B70E86006F18FE /* Resources */,
			);
			buildRules = (
			);
			dependencies = (
			);
			name = githubapi;
			productName = githubapi;
			productReference = 727C575622B70E86006F18FE /* githubapi.app */;
			productType = "com.apple.product-type.application";
		};
		727C576922B70E86006F18FE /* githubapiTests */ = {
			isa = PBXNativeTarget;
			buildConfigurationList = 727C578122B70E86006F18FE /* Build configuration list for PBXNativeTarget "githubapiTests" */;
			buildPhases = (
				727C576622B70E86006F18FE /* Sources */,
				727C576722B70E86006F18FE /* Frameworks */,
				727C576822B70E86006F18FE /* Resources */,
			);
			buildRules = (
			);
			dependencies = (
				727C576C22B70E86006F18FE /* PBXTargetDependency */,
			);
			name = githubapiTests;
			productName = githubapiTests;
			productReference = 727C576A22B70E86006F18FE /* githubapiTests.xctest */;
			productType = "com.apple.product-type.bundle.unit-test";
		};
		727C577422B70E86006F18FE /* githubapiUITests */ = {
			isa = PBXNativeTarget;
			buildConfigurationList = 727C578422B70E86006F18FE /* Build configuration list for PBXNativeTarget "githubapiUITests" */;
			buildPhases = (
				727C577122B70E86006F18FE /* Sources */,
				727C577222B70E86006F18FE /* Frameworks */,
				727C577322B70E86006F18FE /* Resources */,
			);
			buildRules = (
			);
			dependencies = (
				727C577722B70E86006F18FE /* PBXTargetDependency */,
			);
			name = githubapiUITests;
			productName = githubapiUITests;
			productReference = 727C577522B70E86006F18FE /* githubapiUITests.xctest */;
			productType = "com.apple.product-type.bundle.ui-testing";
		};
/* End PBXNativeTarget section */

/* Begin PBXProject section */
		727C574E22B70E86006F18FE /* Project object */ = {
			isa = PBXProject;
			attributes = {
				LastSwiftUpdateCheck = 1020;
				LastUpgradeCheck = 1020;
				ORGANIZATIONNAME = "Jaspreet Kumar";
				TargetAttributes = {
					727C575522B70E86006F18FE = {
						CreatedOnToolsVersion = 10.2.1;
					};
					727C576922B70E86006F18FE = {
						CreatedOnToolsVersion = 10.2.1;
						TestTargetID = 727C575522B70E86006F18FE;
					};
					727C577422B70E86006F18FE = {
						CreatedOnToolsVersion = 10.2.1;
						TestTargetID = 727C575522B70E86006F18FE;
					};
				};
			};
			buildConfigurationList = 727C575122B70E86006F18FE /* Build configuration list for PBXProject "githubapi" */;
			compatibilityVersion = "Xcode 9.3";
			developmentRegion = en;
			hasScannedForEncodings = 0;
			knownRegions = (
				en,
				Base,
			);
			mainGroup = 727C574D22B70E86006F18FE;
			productRefGroup = 727C575722B70E86006F18FE /* Products */;
			projectDirPath = "";
			projectRoot = "";
			targets = (
				727C575522B70E86006F18FE /* githubapi */,
				727C576922B70E86006F18FE /* githubapiTests */,
				727C577422B70E86006F18FE /* githubapiUITests */,
			);
		};
/* End PBXProject section */

/* Begin PBXResourcesBuildPhase section */
		727C575422B70E86006F18FE /* Resources */ = {
			isa = PBXResourcesBuildPhase;
			buildActionMask = 2147483647;
			files = (
				727C576422B70E86006F18FE /* LaunchScreen.storyboard in Resources */,
				727C576122B70E86006F18FE /* Assets.xcassets in Resources */,
				727C575F22B70E86006F18FE /* Main.storyboard in Resources */,
			);
			runOnlyForDeploymentPostprocessing = 0;
		};
		727C576822B70E86006F18FE /* Resources */ = {
			isa = PBXResourcesBuildPhase;
			buildActionMask = 2147483647;
			files = (
			);
			runOnlyForDeploymentPostprocessing = 0;
		};
		727C577322B70E86006F18FE /* Resources */ = {
			isa = PBXResourcesBuildPhase;
			buildActionMask = 2147483647;
			files = (
			);
			runOnlyForDeploymentPostprocessing = 0;
		};
/* End PBXResourcesBuildPhase section */

/* Begin PBXSourcesBuildPhase section */
		727C575222B70E86006F18FE /* Sources */ = {
			isa = PBXSourcesBuildPhase;
			buildActionMask = 2147483647;
			files = (
				727C575C22B70E86006F18FE /* ViewController.swift in Sources */,
				727C575A22B70E86006F18FE /* AppDelegate.swift in Sources */,
			);
			runOnlyForDeploymentPostprocessing = 0;
		};
		727C576622B70E86006F18FE /* Sources */ = {
			isa = PBXSourcesBuildPhase;
			buildActionMask = 2147483647;
			files = (
				727C576F22B70E86006F18FE /* githubapiTests.swift in Sources */,
			);
			runOnlyForDeploymentPostprocessing = 0;
		};
		727C577122B70E86006F18FE /* Sources */ = {
			isa = PBXSourcesBuildPhase;
			buildActionMask = 2147483647;
			files = (
				727C577A22B70E86006F18FE /* githubapiUITests.swift in Sources */,
			);
			runOnlyForDeploymentPostprocessing = 0;
		};
/* End PBXSourcesBuildPhase section */

/* Begin PBXTargetDependency section */
		727C576C22B70E86006F18FE /* PBXTargetDependency */ = {
			isa = PBXTargetDependency;
			target = 727C575522B70E86006F18FE /* githubapi */;
			targetProxy = 727C576B22B70E86006F18FE /* PBXContainerItemProxy */;
		};
		727C577722B70E86006F18FE /* PBXTargetDependency */ = {
			isa = PBXTargetDependency;
			target = 727C575522B70E86006F18FE /* githubapi */;
			targetProxy = 727C577622B70E86006F18FE /* PBXContainerItemProxy */;
		};
/* End PBXTargetDependency section */

/* Begin PBXVariantGroup section */
		727C575D22B70E86006F18FE /* Main.storyboard */ = {
			isa = PBXVariantGroup;
			children = (
				727C575E22B70E86006F18FE /* Base */,
			);
			name = Main.storyboard;
			sourceTree = "<group>";
		};
		727C576222B70E86006F18FE /* LaunchScreen.storyboard */ = {
			isa = PBXVariantGroup;
			children = (
				727C576322B70E86006F18FE /* Base */,
			);
			name = LaunchScreen.storyboard;
			sourceTree = "<group>";
		};
/* End PBXVariantGroup section */

/* Begin XCBuildConfiguration section */
		727C577C22B70E86006F18FE /* Debug */ = {
			isa = XCBuildConfiguration;
			buildSettings = {
				ALWAYS_SEARCH_USER_PATHS = NO;
				CLANG_ANALYZER_NONNULL = YES;
				CLANG_ANALYZER_NUMBER_OBJECT_CONVERSION = YES_AGGRESSIVE;
				CLANG_CXX_LANGUAGE_STANDARD = "gnu++14";
				CLANG_CXX_LIBRARY = "libc++";
				CLANG_ENABLE_MODULES = YES;
				CLANG_ENABLE_OBJC_ARC = YES;
				CLANG_ENABLE_OBJC_WEAK = YES;
				CLANG_WARN_BLOCK_CAPTURE_AUTORELEASING = YES;
				CLANG_WARN_BOOL_CONVERSION = YES;
				CLANG_WARN_COMMA = YES;
				CLANG_WARN_CONSTANT_CONVERSION = YES;
				CLANG_WARN_DEPRECATED_OBJC_IMPLEMENTATIONS = YES;
				CLANG_WARN_DIRECT_OBJC_ISA_USAGE = YES_ERROR;
				CLANG_WARN_DOCUMENTATION_COMMENTS = YES;
				CLANG_WARN_EMPTY_BODY = YES;
				CLANG_WARN_ENUM_CONVERSION = YES;
				CLANG_WARN_INFINITE_RECURSION = YES;
				CLANG_WARN_INT_CONVERSION = YES;
				CLANG_WARN_NON_LITERAL_NULL_CONVERSION = YES;
				CLANG_WARN_OBJC_IMPLICIT_RETAIN_SELF = YES;
				CLANG_WARN_OBJC_LITERAL_CONVERSION = YES;
				CLANG_WARN_OBJC_ROOT_CLASS = YES_ERROR;
				CLANG_WARN_RANGE_LOOP_ANALYSIS = YES;
				CLANG_WARN_STRICT_PROTOTYPES = YES;
				CLANG_WARN_SUSPICIOUS_MOVE = YES;
				CLANG_WARN_UNGUARDED_AVAILABILITY = YES_AGGRESSIVE;
				CLANG_WARN_UNREACHABLE_CODE = YES;
				CLANG_WARN__DUPLICATE_METHOD_MATCH = YES;
				CODE_SIGN_IDENTITY = "iPhone Developer";
				COPY_PHASE_STRIP = NO;
				DEBUG_INFORMATION_FORMAT = dwarf;
				ENABLE_STRICT_OBJC_MSGSEND = YES;
				ENABLE_TESTABILITY = YES;
				GCC_C_LANGUAGE_STANDARD = gnu11;
				GCC_DYNAMIC_NO_PIC = NO;
				GCC_NO_COMMON_BLOCKS = YES;
				GCC_OPTIMIZATION_LEVEL = 0;
				GCC_PREPROCESSOR_DEFINITIONS = (
					"DEBUG=1",
					"$(inherited)",
				);
				GCC_WARN_64_TO_32_BIT_CONVERSION = YES;
				GCC_WARN_ABOUT_RETURN_TYPE = YES_ERROR;
				GCC_WARN_UNDECLARED_SELECTOR = YES;
				GCC_WARN_UNINITIALIZED_AUTOS = YES_AGGRESSIVE;
				GCC_WARN_UNUSED_FUNCTION = YES;
				GCC_WARN_UNUSED_VARIABLE = YES;
				IPHONEOS_DEPLOYMENT_TARGET = 12.2;
				MTL_ENABLE_DEBUG_INFO = INCLUDE_SOURCE;
				MTL_FAST_MATH = YES;
				ONLY_ACTIVE_ARCH = YES;
				SDKROOT = iphoneos;
				SWIFT_ACTIVE_COMPILATION_CONDITIONS = DEBUG;
				SWIFT_OPTIMIZATION_LEVEL = "-Onone";
			};
			name = Debug;
		};
		727C577D22B70E86006F18FE /* Release */ = {
			isa = XCBuildConfiguration;
			buildSettings = {
				ALWAYS_SEARCH_USER_PATHS = NO;
				CLANG_ANALYZER_NONNULL = YES;
				CLANG_ANALYZER_NUMBER_OBJECT_CONVERSION = YES_AGGRESSIVE;
				CLANG_CXX_LANGUAGE_STANDARD = "gnu++14";
				CLANG_CXX_LIBRARY = "libc++";
				CLANG_ENABLE_MODULES = YES;
				CLANG_ENABLE_OBJC_ARC = YES;
				CLANG_ENABLE_OBJC_WEAK = YES;
				CLANG_WARN_BLOCK_CAPTURE_AUTORELEASING = YES;
				CLANG_WARN_BOOL_CONVERSION = YES;
				CLANG_WARN_COMMA = YES;
				CLANG_WARN_CONSTANT_CONVERSION = YES;
				CLANG_WARN_DEPRECATED_OBJC_IMPLEMENTATIONS = YES;
				CLANG_WARN_DIRECT_OBJC_ISA_USAGE = YES_ERROR;
				CLANG_WARN_DOCUMENTATION_COMMENTS = YES;
				CLANG_WARN_EMPTY_BODY = YES;
				CLANG_WARN_ENUM_CONVERSION = YES;
				CLANG_WARN_INFINITE_RECURSION = YES;
				CLANG_WARN_INT_CONVERSION = YES;
				CLANG_WARN_NON_LITERAL_NULL_CONVERSION = YES;
				CLANG_WARN_OBJC_IMPLICIT_RETAIN_SELF = YES;
				CLANG_WARN_OBJC_LITERAL_CONVERSION = YES;
				CLANG_WARN_OBJC_ROOT_CLASS = YES_ERROR;
				CLANG_WARN_RANGE_LOOP_ANALYSIS = YES;
				CLANG_WARN_STRICT_PROTOTYPES = YES;
				CLANG_WARN_SUSPICIOUS_MOVE = YES;
				CLANG_WARN_UNGUARDED_AVAILABILITY = YES_AGGRESSIVE;
				CLANG_WARN_UNREACHABLE_CODE = YES;
				CLANG_WARN__DUPLICATE_METHOD_MATCH = YES;
				CODE_SIGN_IDENTITY = "iPhone Developer";
				COPY_PHASE_STRIP = NO;
				DEBUG_INFORMATION_FORMAT = "dwarf-with-dsym";
				ENABLE_NS_ASSERTIONS = NO;
				ENABLE_STRICT_OBJC_MSGSEND = YES;
				GCC_C_LANGUAGE_STANDARD = gnu11;
				GCC_NO_COMMON_BLOCKS = YES;
				GCC_WARN_64_TO_32_BIT_CONVERSION = YES;
				GCC_WARN_ABOUT_RETURN_TYPE = YES_ERROR;
				GCC_WARN_UNDECLARED_SELECTOR = YES;
				GCC_WARN_UNINITIALIZED_AUTOS = YES_AGGRESSIVE;
				GCC_WARN_UNUSED_FUNCTION = YES;
				GCC_WARN_UNUSED_VARIABLE = YES;
				IPHONEOS_DEPLOYMENT_TARGET = 12.2;
				MTL_ENABLE_DEBUG_INFO = NO;
				MTL_FAST_MATH = YES;
				SDKROOT = iphoneos;
				SWIFT_COMPILATION_MODE = wholemodule;
				SWIFT_OPTIMIZATION_LEVEL = "-O";
				VALIDATE_PRODUCT = YES;
			};
			name = Release;
		};
		727C577F22B70E86006F18FE /* Debug */ = {
			isa = XCBuildConfiguration;
			buildSettings = {
				ASSETCATALOG_COMPILER_APPICON_NAME = AppIcon;
				CODE_SIGN_STYLE = Automatic;
				INFOPLIST_FILE = githubapi/Info.plist;
				LD_RUNPATH_SEARCH_PATHS = (
					"$(inherited)",
					"@executable_path/Frameworks",
				);
				PRODUCT_BUNDLE_IDENTIFIER = com.jaspreet..githubapi;
				PRODUCT_NAME = "$(TARGET_NAME)";
				SWIFT_VERSION = 5.0;
				TARGETED_DEVICE_FAMILY = "1,2";
			};
			name = Debug;
		};
		727C578022B70E86006F18FE /* Release */ = {
			isa = XCBuildConfiguration;
			buildSettings = {
				ASSETCATALOG_COMPILER_APPICON_NAME = AppIcon;
				CODE_SIGN_STYLE = Automatic;
				INFOPLIST_FILE = githubapi/Info.plist;
				LD_RUNPATH_SEARCH_PATHS = (
					"$(inherited)",
					"@executable_path/Frameworks",
				);
				PRODUCT_BUNDLE_IDENTIFIER = com.jaspreet..githubapi;
				PRODUCT_NAME = "$(TARGET_NAME)";
				SWIFT_VERSION = 5.0;
				TARGETED_DEVICE_FAMILY = "1,2";
			};
			name = Release;
		};
		727C578222B70E86006F18FE /* Debug */ = {
			isa = XCBuildConfiguration;
			buildSettings = {
				ALWAYS_EMBED_SWIFT_STANDARD_LIBRARIES = YES;
				BUNDLE_LOADER = "$(TEST_HOST)";
				CODE_SIGN_STYLE = Automatic;
				INFOPLIST_FILE = githubapiTests/Info.plist;
				LD_RUNPATH_SEARCH_PATHS = (
					"$(inherited)",
					"@executable_path/Frameworks",
					"@loader_path/Frameworks",
				);
				PRODUCT_BUNDLE_IDENTIFIER = com.jaspreet..githubapiTests;
				PRODUCT_NAME = "$(TARGET_NAME)";
				SWIFT_VERSION = 5.0;
				TARGETED_DEVICE_FAMILY = "1,2";
				TEST_HOST = "$(BUILT_PRODUCTS_DIR)/githubapi.app/githubapi";
			};
			name = Debug;
		};
		727C578322B70E86006F18FE /* Release */ = {
			isa = XCBuildConfiguration;
			buildSettings = {
				ALWAYS_EMBED_SWIFT_STANDARD_LIBRARIES = YES;
				BUNDLE_LOADER = "$(TEST_HOST)";
				CODE_SIGN_STYLE = Automatic;
				INFOPLIST_FILE = githubapiTests/Info.plist;
				LD_RUNPATH_SEARCH_PATHS = (
					"$(inherited)",
					"@executable_path/Frameworks",
					"@loader_path/Frameworks",
				);
				PRODUCT_BUNDLE_IDENTIFIER = com.jaspreet..githubapiTests;
				PRODUCT_NAME = "$(TARGET_NAME)";
				SWIFT_VERSION = 5.0;
				TARGETED_DEVICE_FAMILY = "1,2";
				TEST_HOST = "$(BUILT_PRODUCTS_DIR)/githubapi.app/githubapi";
			};
			name = Release;
		};
		727C578522B70E86006F18FE /* Debug */ = {
			isa = XCBuildConfiguration;
			buildSettings = {
				ALWAYS_EMBED_SWIFT_STANDARD_LIBRARIES = YES;
				CODE_SIGN_STYLE = Automatic;
				INFOPLIST_FILE = githubapiUITests/Info.plist;
				LD_RUNPATH_SEARCH_PATHS = (
					"$(inherited)",
					"@executable_path/Frameworks",
					"@loader_path/Frameworks",
				);
				PRODUCT_BUNDLE_IDENTIFIER = com.jaspreet..githubapiUITests;
				PRODUCT_NAME = "$(TARGET_NAME)";
				SWIFT_VERSION = 5.0;
				TARGETED_DEVICE_FAMILY = "1,2";
				TEST_TARGET_NAME = githubapi;
			};
			name = Debug;
		};
		727C578622B70E86006F18FE /* Release */ = {
			isa = XCBuildConfiguration;
			buildSettings = {
				ALWAYS_EMBED_SWIFT_STANDARD_LIBRARIES = YES;
				CODE_SIGN_STYLE = Automatic;
				INFOPLIST_FILE = githubapiUITests/Info.plist;
				LD_RUNPATH_SEARCH_PATHS = (
					"$(inherited)",
					"@executable_path/Frameworks",
					"@loader_path/Frameworks",
				);
				PRODUCT_BUNDLE_IDENTIFIER = com.jaspreet..githubapiUITests;
				PRODUCT_NAME = "$(TARGET_NAME)";
				SWIFT_VERSION = 5.0;
				TARGETED_DEVICE_FAMILY = "1,2";
				TEST_TARGET_NAME = githubapi;
			};
			name = Release;
		};
/* End XCBuildConfiguration section */

/* Begin XCConfigurationList section */
		727C575122B70E86006F18FE /* Build configuration list for PBXProject "githubapi" */ = {
			isa = XCConfigurationList;
			buildConfigurations = (
				727C577C22B70E86006F18FE /* Debug */,
				727C577D22B70E86006F18FE /* Release */,
			);
			defaultConfigurationIsVisible = 0;
			defaultConfigurationName = Release;
		};
		727C577E22B70E86006F18FE /* Build configuration list for PBXNativeTarget "githubapi" */ = {
			isa = XCConfigurationList;
			buildConfigurations = (
				727C577F22B70E86006F18FE /* Debug */,
				727C578022B70E86006F18FE /* Release */,
			);
			defaultConfigurationIsVisible = 0;
			defaultConfigurationName = Release;
		};
		727C578122B70E86006F18FE /* Build configuration list for PBXNativeTarget "githubapiTests" */ = {
			isa = XCConfigurationList;
			buildConfigurations = (
				727C578222B70E86006F18FE /* Debug */,
				727C578322B70E86006F18FE /* Release */,
			);
			defaultConfigurationIsVisible = 0;
			defaultConfigurationName = Release;
		};
		727C578422B70E86006F18FE /* Build configuration list for PBXNativeTarget "githubapiUITests" */ = {
			isa = XCConfigurationList;
			buildConfigurations = (
				727C578522B70E86006F18FE /* Debug */,
				727C578622B70E86006F18FE /* Release */,
			);
			defaultConfigurationIsVisible = 0;
			defaultConfigurationName = Release;
		};
/* End XCConfigurationList section */
	};
	rootObject = 727C574E22B70E86006F18FE /* Project object */;
}
